
Microsoft Visual Studio Solution File, Format Version 12.00
Project("{2150E333-8FDC-42A3-9474-1A3956D46DE8}") = "Integrations", "Integrations", "{4E090224-1603-43E2-89B9-2C8ED82F9A8C}"
EndProject
Project("{2150E333-8FDC-42A3-9474-1A3956D46DE8}") = "Frontend", "Frontend", "{8DB28CB0-16A8-40DC-ABFF-3BF8B6F373DF}"
EndProject
Project("{2150E333-8FDC-42A3-9474-1A3956D46DE8}") = "Backend", "Backend", "{9F0E67BA-982E-4105-B2DB-17982AD0CCDB}"
EndProject
Project("{FAE04EC0-301F-11D3-BF4B-00C04F79EFBC}") = "Mulkora.Business", "Backend\Mulkora.Business\Mulkora.Business.csproj", "{BAE80DA0-4223-4243-B1A2-8A985B4F2129}"
EndProject
Project("{FAE04EC0-301F-11D3-BF4B-00C04F79EFBC}") = "Mulkora.DataAccess", "Backend\Mulkora.DataAccess\Mulkora.DataAccess.csproj", "{E3F0E19B-C471-406D-BCA6-7371EF83E967}"
EndProject
Project("{FAE04EC0-301F-11D3-BF4B-00C04F79EFBC}") = "Mulkora.Contracts", "Backend\Mulkora.Contracts\Mulkora.Contracts.csproj", "{AD1136E6-226B-4399-AACF-19EC3DC74B4F}"
EndProject
Project("{FAE04EC0-301F-11D3-BF4B-00C04F79EFBC}") = "Mulkora.Entity", "Backend\Mulkora.Entity\Mulkora.Entity.csproj", "{559F0466-E2BB-461B-9337-3A2D392AEF28}"
EndProject
Project("{FAE04EC0-301F-11D3-BF4B-00C04F79EFBC}") = "Mulkora.WebApi", "Backend\Mulkora.WebApi\Mulkora.WebApi.csproj", "{D82275A6-998C-47D9-82E0-667C72D0571F}"
EndProject
Project("{FAE04EC0-301F-11D3-BF4B-00C04F79EFBC}") = "Mulkora.WebUI", "Frontend\Mulkora.WebUI\Mulkora.WebUI.csproj", "{8A537548-968A-4315-BB50-62FAA91247CD}"
EndProject
Project("{FAE04EC0-301F-11D3-BF4B-00C04F79EFBC}") = "Mulkora.RapidApiConsume", "Integrations\Mulkora.RapidApiConsume\Mulkora.RapidApiConsume.csproj", "{5ED64295-8208-4A0F-84CB-B67D34E11243}"
EndProject
Project("{2150E333-8FDC-42A3-9474-1A3956D46DE8}") = "Shared", "Shared", "{43ABA8E1-FF4A-456B-AD74-6E270220C343}"
EndProject
Global
	GlobalSection(SolutionConfigurationPlatforms) = preSolution
		Debug|Any CPU = Debug|Any CPU
		Debug|x64 = Debug|x64
		Debug|x86 = Debug|x86
		Release|Any CPU = Release|Any CPU
		Release|x64 = Release|x64
		Release|x86 = Release|x86
	EndGlobalSection
	GlobalSection(ProjectConfigurationPlatforms) = postSolution
		{BAE80DA0-4223-4243-B1A2-8A985B4F2129}.Debug|Any CPU.ActiveCfg = Debug|Any CPU
		{BAE80DA0-4223-4243-B1A2-8A985B4F2129}.Debug|Any CPU.Build.0 = Debug|Any CPU
		{BAE80DA0-4223-4243-B1A2-8A985B4F2129}.Debug|x64.ActiveCfg = Debug|Any CPU
		{BAE80DA0-4223-4243-B1A2-8A985B4F2129}.Debug|x64.Build.0 = Debug|Any CPU
		{BAE80DA0-4223-4243-B1A2-8A985B4F2129}.Debug|x86.ActiveCfg = Debug|Any CPU
		{BAE80DA0-4223-4243-B1A2-8A985B4F2129}.Debug|x86.Build.0 = Debug|Any CPU
		{BAE80DA0-4223-4243-B1A2-8A985B4F2129}.Release|Any CPU.ActiveCfg = Release|Any CPU
		{BAE80DA0-4223-4243-B1A2-8A985B4F2129}.Release|Any CPU.Build.0 = Release|Any CPU
		{BAE80DA0-4223-4243-B1A2-8A985B4F2129}.Release|x64.ActiveCfg = Release|Any CPU
		{BAE80DA0-4223-4243-B1A2-8A985B4F2129}.Release|x64.Build.0 = Release|Any CPU
		{BAE80DA0-4223-4243-B1A2-8A985B4F2129}.Release|x86.ActiveCfg = Release|Any CPU
		{BAE80DA0-4223-4243-B1A2-8A985B4F2129}.Release|x86.Build.0 = Release|Any CPU
		{E3F0E19B-C471-406D-BCA6-7371EF83E967}.Debug|Any CPU.ActiveCfg = Debug|Any CPU
		{E3F0E19B-C471-406D-BCA6-7371EF83E967}.Debug|Any CPU.Build.0 = Debug|Any CPU
		{E3F0E19B-C471-406D-BCA6-7371EF83E967}.Debug|x64.ActiveCfg = Debug|Any CPU
		{E3F0E19B-C471-406D-BCA6-7371EF83E967}.Debug|x64.Build.0 = Debug|Any CPU
		{E3F0E19B-C471-406D-BCA6-7371EF83E967}.Debug|x86.ActiveCfg = Debug|Any CPU
		{E3F0E19B-C471-406D-BCA6-7371EF83E967}.Debug|x86.Build.0 = Debug|Any CPU
		{E3F0E19B-C471-406D-BCA6-7371EF83E967}.Release|Any CPU.ActiveCfg = Release|Any CPU
		{E3F0E19B-C471-406D-BCA6-7371EF83E967}.Release|Any CPU.Build.0 = Release|Any CPU
		{E3F0E19B-C471-406D-BCA6-7371EF83E967}.Release|x64.ActiveCfg = Release|Any CPU
		{E3F0E19B-C471-406D-BCA6-7371EF83E967}.Release|x64.Build.0 = Release|Any CPU
		{E3F0E19B-C471-406D-BCA6-7371EF83E967}.Release|x86.ActiveCfg = Release|Any CPU
		{E3F0E19B-C471-406D-BCA6-7371EF83E967}.Release|x86.Build.0 = Release|Any CPU
		{AD1136E6-226B-4399-AACF-19EC3DC74B4F}.Debug|Any CPU.ActiveCfg = Debug|Any CPU
		{AD1136E6-226B-4399-AACF-19EC3DC74B4F}.Debug|Any CPU.Build.0 = Debug|Any CPU
		{AD1136E6-226B-4399-AACF-19EC3DC74B4F}.Debug|x64.ActiveCfg = Debug|Any CPU
		{AD1136E6-226B-4399-AACF-19EC3DC74B4F}.Debug|x64.Build.0 = Debug|Any CPU
		{AD1136E6-226B-4399-AACF-19EC3DC74B4F}.Debug|x86.ActiveCfg = Debug|Any CPU
		{AD1136E6-226B-4399-AACF-19EC3DC74B4F}.Debug|x86.Build.0 = Debug|Any CPU
		{AD1136E6-226B-4399-AACF-19EC3DC74B4F}.Release|Any CPU.ActiveCfg = Release|Any CPU
		{AD1136E6-226B-4399-AACF-19EC3DC74B4F}.Release|Any CPU.Build.0 = Release|Any CPU
		{AD1136E6-226B-4399-AACF-19EC3DC74B4F}.Release|x64.ActiveCfg = Release|Any CPU
		{AD1136E6-226B-4399-AACF-19EC3DC74B4F}.Release|x64.Build.0 = Release|Any CPU
		{AD1136E6-226B-4399-AACF-19EC3DC74B4F}.Release|x86.ActiveCfg = Release|Any CPU
		{AD1136E6-226B-4399-AACF-19EC3DC74B4F}.Release|x86.Build.0 = Release|Any CPU
		{559F0466-E2BB-461B-9337-3A2D392AEF28}.Debug|Any CPU.ActiveCfg = Debug|Any CPU
		{559F0466-E2BB-461B-9337-3A2D392AEF28}.Debug|Any CPU.Build.0 = Debug|Any CPU
		{559F0466-E2BB-461B-9337-3A2D392AEF28}.Debug|x64.ActiveCfg = Debug|Any CPU
		{559F0466-E2BB-461B-9337-3A2D392AEF28}.Debug|x64.Build.0 = Debug|Any CPU
		{559F0466-E2BB-461B-9337-3A2D392AEF28}.Debug|x86.ActiveCfg = Debug|Any CPU
		{559F0466-E2BB-461B-9337-3A2D392AEF28}.Debug|x86.Build.0 = Debug|Any CPU
		{559F0466-E2BB-461B-9337-3A2D392AEF28}.Release|Any CPU.ActiveCfg = Release|Any CPU
		{559F0466-E2BB-461B-9337-3A2D392AEF28}.Release|Any CPU.Build.0 = Release|Any CPU
		{559F0466-E2BB-461B-9337-3A2D392AEF28}.Release|x64.ActiveCfg = Release|Any CPU
		{559F0466-E2BB-461B-9337-3A2D392AEF28}.Release|x64.Build.0 = Release|Any CPU
		{559F0466-E2BB-461B-9337-3A2D392AEF28}.Release|x86.ActiveCfg = Release|Any CPU
		{559F0466-E2BB-461B-9337-3A2D392AEF28}.Release|x86.Build.0 = Release|Any CPU
		{D82275A6-998C-47D9-82E0-667C72D0571F}.Debug|Any CPU.ActiveCfg = Debug|Any CPU
		{D82275A6-998C-47D9-82E0-667C72D0571F}.Debug|Any CPU.Build.0 = Debug|Any CPU
		{D82275A6-998C-47D9-82E0-667C72D0571F}.Debug|x64.ActiveCfg = Debug|Any CPU
		{D82275A6-998C-47D9-82E0-667C72D0571F}.Debug|x64.Build.0 = Debug|Any CPU
		{D82275A6-998C-47D9-82E0-667C72D0571F}.Debug|x86.ActiveCfg = Debug|Any CPU
		{D82275A6-998C-47D9-82E0-667C72D0571F}.Debug|x86.Build.0 = Debug|Any CPU
		{D82275A6-998C-47D9-82E0-667C72D0571F}.Release|Any CPU.ActiveCfg = Release|Any CPU
		{D82275A6-998C-47D9-82E0-667C72D0571F}.Release|Any CPU.Build.0 = Release|Any CPU
		{D82275A6-998C-47D9-82E0-667C72D0571F}.Release|x64.ActiveCfg = Release|Any CPU
		{D82275A6-998C-47D9-82E0-667C72D0571F}.Release|x64.Build.0 = Release|Any CPU
		{D82275A6-998C-47D9-82E0-667C72D0571F}.Release|x86.ActiveCfg = Release|Any CPU
		{D82275A6-998C-47D9-82E0-667C72D0571F}.Release|x86.Build.0 = Release|Any CPU
		{8A537548-968A-4315-BB50-62FAA91247CD}.Debug|Any CPU.ActiveCfg = Debug|Any CPU
		{8A537548-968A-4315-BB50-62FAA91247CD}.Debug|Any CPU.Build.0 = Debug|Any CPU
		{8A537548-968A-4315-BB50-62FAA91247CD}.Debug|x64.ActiveCfg = Debug|Any CPU
		{8A537548-968A-4315-BB50-62FAA91247CD}.Debug|x64.Build.0 = Debug|Any CPU
		{8A537548-968A-4315-BB50-62FAA91247CD}.Debug|x86.ActiveCfg = Debug|Any CPU
		{8A537548-968A-4315-BB50-62FAA91247CD}.Debug|x86.Build.0 = Debug|Any CPU
		{8A537548-968A-4315-BB50-62FAA91247CD}.Release|Any CPU.ActiveCfg = Release|Any CPU
		{8A537548-968A-4315-BB50-62FAA91247CD}.Release|Any CPU.Build.0 = Release|Any CPU
		{8A537548-968A-4315-BB50-62FAA91247CD}.Release|x64.ActiveCfg = Release|Any CPU
		{8A537548-968A-4315-BB50-62FAA91247CD}.Release|x64.Build.0 = Release|Any CPU
		{8A537548-968A-4315-BB50-62FAA91247CD}.Release|x86.ActiveCfg = Release|Any CPU
		{8A537548-968A-4315-BB50-62FAA91247CD}.Release|x86.Build.0 = Release|Any CPU
		{5ED64295-8208-4A0F-84CB-B67D34E11243}.Debug|Any CPU.ActiveCfg = Debug|Any CPU
		{5ED64295-8208-4A0F-84CB-B67D34E11243}.Debug|Any CPU.Build.0 = Debug|Any CPU
		{5ED64295-8208-4A0F-84CB-B67D34E11243}.Debug|x64.ActiveCfg = Debug|Any CPU
		{5ED64295-8208-4A0F-84CB-B67D34E11243}.Debug|x64.Build.0 = Debug|Any CPU
		{5ED64295-8208-4A0F-84CB-B67D34E11243}.Debug|x86.ActiveCfg = Debug|Any CPU
		{5ED64295-8208-4A0F-84CB-B67D34E11243}.Debug|x86.Build.0 = Debug|Any CPU
		{5ED64295-8208-4A0F-84CB-B67D34E11243}.Release|Any CPU.ActiveCfg = Release|Any CPU
		{5ED64295-8208-4A0F-84CB-B67D34E11243}.Release|Any CPU.Build.0 = Release|Any CPU
		{5ED64295-8208-4A0F-84CB-B67D34E11243}.Release|x64.ActiveCfg = Release|Any CPU
		{5ED64295-8208-4A0F-84CB-B67D34E11243}.Release|x64.Build.0 = Release|Any CPU
		{5ED64295-8208-4A0F-84CB-B67D34E11243}.Release|x86.ActiveCfg = Release|Any CPU
		{5ED64295-8208-4A0F-84CB-B67D34E11243}.Release|x86.Build.0 = Release|Any CPU
	EndGlobalSection
	GlobalSection(SolutionProperties) = preSolution
		HideSolutionNode = FALSE
	EndGlobalSection
	GlobalSection(NestedProjects) = preSolution
		{BAE80DA0-4223-4243-B1A2-8A985B4F2129} = {9F0E67BA-982E-4105-B2DB-17982AD0CCDB}
		{E3F0E19B-C471-406D-BCA6-7371EF83E967} = {9F0E67BA-982E-4105-B2DB-17982AD0CCDB}
		{AD1136E6-226B-4399-AACF-19EC3DC74B4F} = {43ABA8E1-FF4A-456B-AD74-6E270220C343}
		{559F0466-E2BB-461B-9337-3A2D392AEF28} = {9F0E67BA-982E-4105-B2DB-17982AD0CCDB}
		{D82275A6-998C-47D9-82E0-667C72D0571F} = {9F0E67BA-982E-4105-B2DB-17982AD0CCDB}
		{8A537548-968A-4315-BB50-62FAA91247CD} = {8DB28CB0-16A8-40DC-ABFF-3BF8B6F373DF}
		{5ED64295-8208-4A0F-84CB-B67D34E11243} = {4E090224-1603-43E2-89B9-2C8ED82F9A8C}
	EndGlobalSection
EndGlobal
